
Microsoft Visual Studio Solution File, Format Version 12.00
# Visual Studio 15
VisualStudioVersion = 15.0.27004.2009
MinimumVisualStudioVersion = 10.0.40219.1
Project("{FAE04EC0-301F-11D3-BF4B-00C04F79EFBC}") = "TFS Test", "TFS Test\TFS Test.csproj", "{CFE525F6-044D-43BF-961E-F140FBE9EAD5}"
EndProject
Global
	GlobalSection(SolutionConfigurationPlatforms) = preSolution
		Debug|Any CPU = Debug|Any CPU
		Release|Any CPU = Release|Any CPU
	EndGlobalSection
	GlobalSection(ProjectConfigurationPlatforms) = postSolution
		{CFE525F6-044D-43BF-961E-F140FBE9EAD5}.Debug|Any CPU.ActiveCfg = Debug|Any CPU
		{CFE525F6-044D-43BF-961E-F140FBE9EAD5}.Debug|Any CPU.Build.0 = Debug|Any CPU
		{CFE525F6-044D-43BF-961E-F140FBE9EAD5}.Release|Any CPU.ActiveCfg = Release|Any CPU
		{CFE525F6-044D-43BF-961E-F140FBE9EAD5}.Release|Any CPU.Build.0 = Release|Any CPU
	EndGlobalSection
	GlobalSection(SolutionProperties) = preSolution
		HideSolutionNode = FALSE
	EndGlobalSection
	GlobalSection(ExtensibilityGlobals) = postSolution
		SolutionGuid = {16919707-5461-4125-ABAE-14D1745AA820}
	EndGlobalSection
EndGlobal
